
Microsoft Visual Studio Solution File, Format Version 12.00
# Visual Studio Version 17
VisualStudioVersion = 17.10.35027.167
MinimumVisualStudioVersion = 10.0.40219.1
Project("{FAE04EC0-301F-11D3-BF4B-00C04F79EFBC}") = "XMLConvert", "XMLConvert\XMLConvert.csproj", "{3816FD28-EBFF-47D8-A0D4-2F0DB7A1E45A}"
EndProject
Global
	GlobalSection(SolutionConfigurationPlatforms) = preSolution
		Debug|Any CPU = Debug|Any CPU
		Release|Any CPU = Release|Any CPU
	EndGlobalSection
	GlobalSection(ProjectConfigurationPlatforms) = postSolution
		{3816FD28-EBFF-47D8-A0D4-2F0DB7A1E45A}.Debug|Any CPU.ActiveCfg = Debug|Any CPU
		{3816FD28-EBFF-47D8-A0D4-2F0DB7A1E45A}.Debug|Any CPU.Build.0 = Debug|Any CPU
		{3816FD28-EBFF-47D8-A0D4-2F0DB7A1E45A}.Release|Any CPU.ActiveCfg = Release|Any CPU
		{3816FD28-EBFF-47D8-A0D4-2F0DB7A1E45A}.Release|Any CPU.Build.0 = Release|Any CPU
	EndGlobalSection
	GlobalSection(SolutionProperties) = preSolution
		HideSolutionNode = FALSE
	EndGlobalSection
	GlobalSection(ExtensibilityGlobals) = postSolution
		SolutionGuid = {637F1E2A-62BB-4ADA-A919-F6B65F845C4A}
	EndGlobalSection
EndGlobal
